// !$*UTF8*$!
{
	archiveVersion = 1;
	classes = {
	};
	objectVersion = 56;
	objects = {

/* Begin PBXBuildFile section */
		11F2B57080BA49B18AC0D31C /* wubi86_dict.txt in Resources */ = {isa = PBXBuildFile; fileRef = BB9395E4B5E64C4D86F9F2DC /* wubi86_dict.txt */; };
		18C9FCEE76B340F58108CB88 /* KeyboardLayout.swift in Sources */ = {isa = PBXBuildFile; fileRef = 525532FC07B647F7868700DB /* KeyboardLayout.swift */; };
		1B6EA5C5D0C14D1896BF4F05 /* ArticleData.swift in Sources */ = {isa = PBXBuildFile; fileRef = AD0E2FA86BE94FCD894701AF /* ArticleData.swift */; };
		27244A0EAB2E4CC6B3548DE8 /* TypingStats.swift in Sources */ = {isa = PBXBuildFile; fileRef = EB26DC4A79244CEE83241707 /* TypingStats.swift */; };
		4BC33BA27DED415FBE7F6BFB /* MistakeTracker.swift in Sources */ = {isa = PBXBuildFile; fileRef = 8DEE6CEEB1644FDEB0F81BE9 /* MistakeTracker.swift */; };
		4BE147B7BCB142CD85DC0715 /* ArticleListView.swift in Sources */ = {isa = PBXBuildFile; fileRef = C3A35932497A48D593C7E788 /* ArticleListView.swift */; };
		67E7355215594FAD8C0AA905 /* PracticeViewModel.swift in Sources */ = {isa = PBXBuildFile; fileRef = 310DEC32BD8248298EEFD2A9 /* PracticeViewModel.swift */; };
		6C2EF2A20DBF46B0B2ADCBB8 /* ModeSelectorView.swift in Sources */ = {isa = PBXBuildFile; fileRef = BA6438CC7AC5431C84B77AE5 /* ModeSelectorView.swift */; };
		6D23C01428CC4FCBAADB8880 /* PracticeSession.swift in Sources */ = {isa = PBXBuildFile; fileRef = B78B047D6F6F42ECA280B5D5 /* PracticeSession.swift */; };
		71E4AC673FB84BB0996EAE9A /* MistakeListView.swift in Sources */ = {isa = PBXBuildFile; fileRef = A3D37038D5024522AAF4BC6C /* MistakeListView.swift */; };
		84969B4598684698BF96E784 /* AppIcon.icns in Resources */ = {isa = PBXBuildFile; fileRef = 321FAED9AD2145C9843AF587 /* AppIcon.icns */; };
		9F59AC85671D4CFD98BD539D /* WubiRootKeyboardView.swift in Sources */ = {isa = PBXBuildFile; fileRef = 5DE8A54C502D45F88C65C41C /* WubiRootKeyboardView.swift */; };
		A2C9A1F033714683A7C206C9 /* 黑体字根.ttf in Resources */ = {isa = PBXBuildFile; fileRef = DABC1ECA8B0D49D7B9347BDF /* 黑体字根.ttf */; };
		A6A64D1BC4474578B38DF0C5 /* RadicalFontManager.swift in Sources */ = {isa = PBXBuildFile; fileRef = FC823472EB7B4A43965279FF /* RadicalFontManager.swift */; };
		AA0CF3B51ED8496AA1A9EE3C /* ZhihuDailyService.swift in Sources */ = {isa = PBXBuildFile; fileRef = EEE5426F2A1E4B84923BC763 /* ZhihuDailyService.swift */; };
		AA8313C5F694462AB0F3112F /* ContentView.swift in Sources */ = {isa = PBXBuildFile; fileRef = 290042A3743E4124AEEB507C /* ContentView.swift */; };
		AAE7B9439BEC4E788E77EC22 /* TextViewer.swift in Sources */ = {isa = PBXBuildFile; fileRef = 1A241C7406EE4898838A2502 /* TextViewer.swift */; };
		AB55274F41234A649200A3CE /* WubiRulesView.swift in Sources */ = {isa = PBXBuildFile; fileRef = 75FB21925BFF47BCB71864E8 /* WubiRulesView.swift */; };
		B222C513F33E42D1984ECE34 /* WubiTypingTrainerApp.swift in Sources */ = {isa = PBXBuildFile; fileRef = 9F5446DA82684A57837D33BE /* WubiTypingTrainerApp.swift */; };
		B631D7DD300BC76E00D1AEE8 /* MistakeTrackerTests.swift in Sources */ = {isa = PBXBuildFile; fileRef = B631D7D9300BC76E00D1AEE4 /* MistakeTrackerTests.swift */; };
		B631D7DE300BC76E00D1AEE9 /* TypingStatsTests.swift in Sources */ = {isa = PBXBuildFile; fileRef = B631D7DA300BC76E00D1AEE5 /* TypingStatsTests.swift */; };
		B631D7DF300BC76E00D1AEEA /* WubiDictionaryTests.swift in Sources */ = {isa = PBXBuildFile; fileRef = B631D7DB300BC76E00D1AEE6 /* WubiDictionaryTests.swift */; };
		B631D7E0300BC76E00D1AEEB /* WubiTypingTrainerTests.swift in Sources */ = {isa = PBXBuildFile; fileRef = B631D7DC300BC76E00D1AEE7 /* WubiTypingTrainerTests.swift */; };
		B631D7E1300BC76E00D1AEEC /* FrequentlyCharacters0-500.txt in Resources */ = {isa = PBXBuildFile; fileRef = B631D7E2300BC76E00D1AEED /* FrequentlyCharacters0-500.txt */; };
		B631D7E3300BC76E00D1AEEE /* FrequentlyCharacters500-1000.txt in Resources */ = {isa = PBXBuildFile; fileRef = B631D7E4300BC76E00D1AEEF /* FrequentlyCharacters500-1000.txt */; };
		B631D7E5300BC76E00D1AEF0 /* FrequentlyCharacters1000-15000.txt in Resources */ = {isa = PBXBuildFile; fileRef = B631D7E6300BC76E00D1AEF1 /* FrequentlyCharacters1000-15000.txt */; };
		B631D80C300BD4DB00D1AEEC /* wubi_words.txt in Resources */ = {isa = PBXBuildFile; fileRef = B631D80D300BD4DB00D1AEED /* wubi_words.txt */; };
		BF19BBBB6B3041BAA9293023 /* CumulativeStats.swift in Sources */ = {isa = PBXBuildFile; fileRef = 38084FA3671B4D43AFE4D797 /* CumulativeStats.swift */; };
		D490CC3A8E2843CCB16F9872 /* ZhihuModels.swift in Sources */ = {isa = PBXBuildFile; fileRef = F5B18371C2D64B87B19E1482 /* ZhihuModels.swift */; };
		DBA709F9B5A342CE862AC5E4 /* SettingsView.swift in Sources */ = {isa = PBXBuildFile; fileRef = 13EE737503FE4070B2763896 /* SettingsView.swift */; };
		E3DA6FACDA8148E2BF53644C /* ShortCodeView.swift in Sources */ = {isa = PBXBuildFile; fileRef = 56568FEB1C944DAC862C42EF /* ShortCodeView.swift */; };
		E7CF11E790834FBD86D6731B /* PracticeView.swift in Sources */ = {isa = PBXBuildFile; fileRef = AD3F5321FF7F48D7B6E667A7 /* PracticeView.swift */; };
		F391BB6A07674FC6A2543A65 /* WubiDictionary.swift in Sources */ = {isa = PBXBuildFile; fileRef = C870B11DD97F4ACFA9EC5CC7 /* WubiDictionary.swift */; };
		6A7B8C9D0E1F2A3B4C5D6E7F /* ContentLoader.swift in Sources */ = {isa = PBXBuildFile; fileRef = 0A1B2C3D4E5F6A7B8C9D0E1F /* ContentLoader.swift */; };
		7A8B9C0D1E2F3A4B5C6D7E8F /* WubiDictionary+PhraseCode.swift in Sources */ = {isa = PBXBuildFile; fileRef = 2A3B4C5D6E7F8A9B0C1D2E3F /* WubiDictionary+PhraseCode.swift */; };
		8A9B0C1D2E3F4A5B6C7D8E9F /* TimerService.swift in Sources */ = {isa = PBXBuildFile; fileRef = 3B4C5D6E7F8A9B0C1D2E3F4A /* TimerService.swift */; };
		9A0B1C2D3E4F5A6B7C8D9E0F /* StorageService.swift in Sources */ = {isa = PBXBuildFile; fileRef = 4C5D6E7F8A9B0C1D2E3F4A5B /* StorageService.swift */; };
		A0B1C2D3E4F5A6B7C8D9E0F1 /* Color+WubiZone.swift in Sources */ = {isa = PBXBuildFile; fileRef = 5D6E7F8A9B0C1D2E3F4A5B6C /* Color+WubiZone.swift */; };
		B0C1D2E3F4A5B6C7D8E9F0A1 /* ArticleListViewModel.swift in Sources */ = {isa = PBXBuildFile; fileRef = 6E7F8A9B0C1D2E3F4A5B6C7D /* ArticleListViewModel.swift */; };
/* End PBXBuildFile section */

/* Begin PBXContainerItemProxy section */
		B631D7D3300BC76E00D1AEE2 /* PBXContainerItemProxy */ = {
			isa = PBXContainerItemProxy;
			containerPortal = AE90E9C8A5DC450B8D065C25 /* Project object */;
			proxyType = 1;
			remoteGlobalIDString = 25F03A74E01B4F60983F569B;
			remoteInfo = WubiTypingTrainer;
		};
/* End PBXContainerItemProxy section */

/* Begin PBXFileReference section */
		13EE737503FE4070B2763896 /* SettingsView.swift */ = {isa = PBXFileReference; lastKnownFileType = sourcecode.swift; name = SettingsView.swift; path = Views/SettingsView.swift; sourceTree = SOURCE_ROOT; };
		1A241C7406EE4898838A2502 /* TextViewer.swift */ = {isa = PBXFileReference; lastKnownFileType = sourcecode.swift; name = TextViewer.swift; path = Views/TextViewer.swift; sourceTree = SOURCE_ROOT; };
		290042A3743E4124AEEB507C /* ContentView.swift */ = {isa = PBXFileReference; lastKnownFileType = sourcecode.swift; name = ContentView.swift; path = Views/ContentView.swift; sourceTree = SOURCE_ROOT; };
		310DEC32BD8248298EEFD2A9 /* PracticeViewModel.swift */ = {isa = PBXFileReference; lastKnownFileType = sourcecode.swift; name = PracticeViewModel.swift; path = ViewModels/PracticeViewModel.swift; sourceTree = SOURCE_ROOT; };
		321FAED9AD2145C9843AF587 /* AppIcon.icns */ = {isa = PBXFileReference; lastKnownFileType = image.icns; name = AppIcon.icns; path = Resources/AppIcon.icns; sourceTree = SOURCE_ROOT; };
		3572E019AD704A39A68B9164 /* Info.plist */ = {isa = PBXFileReference; lastKnownFileType = text.plist.xml; path = Info.plist; sourceTree = SOURCE_ROOT; };
		38084FA3671B4D43AFE4D797 /* CumulativeStats.swift */ = {isa = PBXFileReference; lastKnownFileType = sourcecode.swift; name = CumulativeStats.swift; path = Models/CumulativeStats.swift; sourceTree = SOURCE_ROOT; };
		525532FC07B647F7868700DB /* KeyboardLayout.swift */ = {isa = PBXFileReference; lastKnownFileType = sourcecode.swift; name = KeyboardLayout.swift; path = Models/KeyboardLayout.swift; sourceTree = SOURCE_ROOT; };
		56568FEB1C944DAC862C42EF /* ShortCodeView.swift */ = {isa = PBXFileReference; lastKnownFileType = sourcecode.swift; name = ShortCodeView.swift; path = Views/ShortCodeView.swift; sourceTree = SOURCE_ROOT; };
		5DE8A54C502D45F88C65C41C /* WubiRootKeyboardView.swift */ = {isa = PBXFileReference; lastKnownFileType = sourcecode.swift; name = WubiRootKeyboardView.swift; path = Views/WubiRootKeyboardView.swift; sourceTree = SOURCE_ROOT; };
		75FB21925BFF47BCB71864E8 /* WubiRulesView.swift */ = {isa = PBXFileReference; lastKnownFileType = sourcecode.swift; name = WubiRulesView.swift; path = Views/WubiRulesView.swift; sourceTree = SOURCE_ROOT; };
		8DEE6CEEB1644FDEB0F81BE9 /* MistakeTracker.swift */ = {isa = PBXFileReference; lastKnownFileType = sourcecode.swift; name = MistakeTracker.swift; path = Models/MistakeTracker.swift; sourceTree = SOURCE_ROOT; };
		9F5446DA82684A57837D33BE /* WubiTypingTrainerApp.swift */ = {isa = PBXFileReference; lastKnownFileType = sourcecode.swift; name = WubiTypingTrainerApp.swift; path = App/WubiTypingTrainerApp.swift; sourceTree = SOURCE_ROOT; };
		9F8C3C9E15734E9C864A62E2 /* WubiTypingTrainer.app */ = {isa = PBXFileReference; explicitFileType = wrapper.application; includeInIndex = 0; path = WubiTypingTrainer.app; sourceTree = BUILT_PRODUCTS_DIR; };
		A3D37038D5024522AAF4BC6C /* MistakeListView.swift */ = {isa = PBXFileReference; lastKnownFileType = sourcecode.swift; name = MistakeListView.swift; path = Views/MistakeListView.swift; sourceTree = SOURCE_ROOT; };
		AD0E2FA86BE94FCD894701AF /* ArticleData.swift */ = {isa = PBXFileReference; lastKnownFileType = sourcecode.swift; name = ArticleData.swift; path = Models/ArticleData.swift; sourceTree = SOURCE_ROOT; };
		AD3F5321FF7F48D7B6E667A7 /* PracticeView.swift */ = {isa = PBXFileReference; lastKnownFileType = sourcecode.swift; name = PracticeView.swift; path = Views/PracticeView.swift; sourceTree = SOURCE_ROOT; };
		B631D7CF300BC76E00D1AEE2 /* WubiTypingTrainerTests.xctest */ = {isa = PBXFileReference; explicitFileType = wrapper.cfbundle; includeInIndex = 0; path = WubiTypingTrainerTests.xctest; sourceTree = BUILT_PRODUCTS_DIR; };
		B631D7D9300BC76E00D1AEE4 /* MistakeTrackerTests.swift */ = {isa = PBXFileReference; lastKnownFileType = sourcecode.swift; path = MistakeTrackerTests.swift; sourceTree = "<group>"; };
		B631D7DA300BC76E00D1AEE5 /* TypingStatsTests.swift */ = {isa = PBXFileReference; lastKnownFileType = sourcecode.swift; path = TypingStatsTests.swift; sourceTree = "<group>"; };
		B631D7DB300BC76E00D1AEE6 /* WubiDictionaryTests.swift */ = {isa = PBXFileReference; lastKnownFileType = sourcecode.swift; path = WubiDictionaryTests.swift; sourceTree = "<group>"; };
		B631D7DC300BC76E00D1AEE7 /* WubiTypingTrainerTests.swift */ = {isa = PBXFileReference; lastKnownFileType = sourcecode.swift; path = WubiTypingTrainerTests.swift; sourceTree = "<group>"; };
		B631D7E2300BC76E00D1AEED /* FrequentlyCharacters0-500.txt */ = {isa = PBXFileReference; lastKnownFileType = text; name = "FrequentlyCharacters0-500.txt"; path = "Resources/FrequentlyCharacters0-500.txt"; sourceTree = SOURCE_ROOT; };
		B631D7E4300BC76E00D1AEEF /* FrequentlyCharacters500-1000.txt */ = {isa = PBXFileReference; lastKnownFileType = text; name = "FrequentlyCharacters500-1000.txt"; path = "Resources/FrequentlyCharacters500-1000.txt"; sourceTree = SOURCE_ROOT; };
		B631D7E6300BC76E00D1AEF1 /* FrequentlyCharacters1000-15000.txt */ = {isa = PBXFileReference; lastKnownFileType = text; name = "FrequentlyCharacters1000-15000.txt"; path = "Resources/FrequentlyCharacters1000-15000.txt"; sourceTree = SOURCE_ROOT; };
		B631D80D300BD4DB00D1AEED /* wubi_words.txt */ = {isa = PBXFileReference; lastKnownFileType = text; name = "wubi_words.txt"; path = "Resources/wubi_words.txt"; sourceTree = SOURCE_ROOT; };
		B78B047D6F6F42ECA280B5D5 /* PracticeSession.swift */ = {isa = PBXFileReference; lastKnownFileType = sourcecode.swift; name = PracticeSession.swift; path = Models/PracticeSession.swift; sourceTree = SOURCE_ROOT; };
		BA6438CC7AC5431C84B77AE5 /* ModeSelectorView.swift */ = {isa = PBXFileReference; lastKnownFileType = sourcecode.swift; name = ModeSelectorView.swift; path = Views/ModeSelectorView.swift; sourceTree = SOURCE_ROOT; };
		BB9395E4B5E64C4D86F9F2DC /* wubi86_dict.txt */ = {isa = PBXFileReference; lastKnownFileType = text; name = wubi86_dict.txt; path = Resources/wubi86_dict.txt; sourceTree = SOURCE_ROOT; };
		C3A35932497A48D593C7E788 /* ArticleListView.swift */ = {isa = PBXFileReference; lastKnownFileType = sourcecode.swift; name = ArticleListView.swift; path = Views/ArticleListView.swift; sourceTree = SOURCE_ROOT; };
		C870B11DD97F4ACFA9EC5CC7 /* WubiDictionary.swift */ = {isa = PBXFileReference; lastKnownFileType = sourcecode.swift; name = WubiDictionary.swift; path = Models/WubiDictionary.swift; sourceTree = SOURCE_ROOT; };
		DABC1ECA8B0D49D7B9347BDF /* 黑体字根.ttf */ = {isa = PBXFileReference; lastKnownFileType = file; name = "黑体字根.ttf"; path = "Resources/黑体字根.ttf"; sourceTree = SOURCE_ROOT; };
		EB26DC4A79244CEE83241707 /* TypingStats.swift */ = {isa = PBXFileReference; lastKnownFileType = sourcecode.swift; name = TypingStats.swift; path = Models/TypingStats.swift; sourceTree = SOURCE_ROOT; };
		EEE5426F2A1E4B84923BC763 /* ZhihuDailyService.swift */ = {isa = PBXFileReference; lastKnownFileType = sourcecode.swift; name = ZhihuDailyService.swift; path = Services/ZhihuDailyService.swift; sourceTree = SOURCE_ROOT; };
		F5B18371C2D64B87B19E1482 /* ZhihuModels.swift */ = {isa = PBXFileReference; lastKnownFileType = sourcecode.swift; name = ZhihuModels.swift; path = Models/ZhihuModels.swift; sourceTree = SOURCE_ROOT; };
		FC823472EB7B4A43965279FF /* RadicalFontManager.swift */ = {isa = PBXFileReference; lastKnownFileType = sourcecode.swift; name = RadicalFontManager.swift; path = Services/RadicalFontManager.swift; sourceTree = SOURCE_ROOT; };
		0A1B2C3D4E5F6A7B8C9D0E1F /* ContentLoader.swift */ = {isa = PBXFileReference; lastKnownFileType = sourcecode.swift; name = ContentLoader.swift; path = Services/ContentLoader.swift; sourceTree = SOURCE_ROOT; };
		2A3B4C5D6E7F8A9B0C1D2E3F /* WubiDictionary+PhraseCode.swift */ = {isa = PBXFileReference; lastKnownFileType = sourcecode.swift; name = "WubiDictionary+PhraseCode.swift"; path = "Extensions/WubiDictionary+PhraseCode.swift"; sourceTree = SOURCE_ROOT; };
		3B4C5D6E7F8A9B0C1D2E3F4A /* TimerService.swift */ = {isa = PBXFileReference; lastKnownFileType = sourcecode.swift; name = TimerService.swift; path = Services/TimerService.swift; sourceTree = SOURCE_ROOT; };
		4C5D6E7F8A9B0C1D2E3F4A5B /* StorageService.swift */ = {isa = PBXFileReference; lastKnownFileType = sourcecode.swift; name = StorageService.swift; path = Services/StorageService.swift; sourceTree = SOURCE_ROOT; };
		5D6E7F8A9B0C1D2E3F4A5B6C /* Color+WubiZone.swift */ = {isa = PBXFileReference; lastKnownFileType = sourcecode.swift; name = "Color+WubiZone.swift"; path = "Services/Color+WubiZone.swift"; sourceTree = SOURCE_ROOT; };
		6E7F8A9B0C1D2E3F4A5B6C7D /* ArticleListViewModel.swift */ = {isa = PBXFileReference; lastKnownFileType = sourcecode.swift; name = ArticleListViewModel.swift; path = ViewModels/ArticleListViewModel.swift; sourceTree = SOURCE_ROOT; };
/* End PBXFileReference section */

/* Begin PBXFrameworksBuildPhase section */
		B631D7CC300BC76E00D1AEE2 /* Frameworks */ = {
			isa = PBXFrameworksBuildPhase;
			buildActionMask = 2147483647;
			files = (
			);
			runOnlyForDeploymentPostprocessing = 0;
		};
		E42B732AD94E4B1FAF517505 /* Frameworks */ = {
			isa = PBXFrameworksBuildPhase;
			buildActionMask = 2147483647;
			files = (
			);
			runOnlyForDeploymentPostprocessing = 0;
		};
/* End PBXFrameworksBuildPhase section */

/* Begin PBXGroup section */
		021034E08C684A78AF085CF4 /* Views */ = {
			isa = PBXGroup;
			children = (
				C3A35932497A48D593C7E788 /* ArticleListView.swift */,
				290042A3743E4124AEEB507C /* ContentView.swift */,
				56568FEB1C944DAC862C42EF /* ShortCodeView.swift */,
				A3D37038D5024522AAF4BC6C /* MistakeListView.swift */,
				BA6438CC7AC5431C84B77AE5 /* ModeSelectorView.swift */,
				AD3F5321FF7F48D7B6E667A7 /* PracticeView.swift */,
				5DE8A54C502D45F88C65C41C /* WubiRootKeyboardView.swift */,
				75FB21925BFF47BCB71864E8 /* WubiRulesView.swift */,
				1A241C7406EE4898838A2502 /* TextViewer.swift */,
				13EE737503FE4070B2763896 /* SettingsView.swift */,
			);
			path = Views;
			sourceTree = "<group>";
		};
		1CE2C03A4BF742CAA7D89532 /* Models */ = {
			isa = PBXGroup;
			children = (
				AD0E2FA86BE94FCD894701AF /* ArticleData.swift */,
				38084FA3671B4D43AFE4D797 /* CumulativeStats.swift */,
				525532FC07B647F7868700DB /* KeyboardLayout.swift */,
				8DEE6CEEB1644FDEB0F81BE9 /* MistakeTracker.swift */,
				B78B047D6F6F42ECA280B5D5 /* PracticeSession.swift */,
				EB26DC4A79244CEE83241707 /* TypingStats.swift */,
				C870B11DD97F4ACFA9EC5CC7 /* WubiDictionary.swift */,
				F5B18371C2D64B87B19E1482 /* ZhihuModels.swift */,
			);
			path = Models;
			sourceTree = "<group>";
		};
		4FD3226FE81843CD86675892 = {
			isa = PBXGroup;
			children = (
				C157E21E99A74D21B012E628 /* WubiTypingTrainer */,
				B631D7D8300BC76E00D1AEE3 /* WubiTypingTrainerTests */,
				E579255F06C44458AEB76C14 /* Products */,
				739CC9DF8D6A473897FA327D /* Frameworks */,
			);
			sourceTree = "<group>";
		};
		5477250F58A912887FD3A8BC /* Services */ = {
			isa = PBXGroup;
			children = (
				FC823472EB7B4A43965279FF /* RadicalFontManager.swift */,
				EEE5426F2A1E4B84923BC763 /* ZhihuDailyService.swift */,
				0A1B2C3D4E5F6A7B8C9D0E1F /* ContentLoader.swift */,
				3B4C5D6E7F8A9B0C1D2E3F4A /* TimerService.swift */,
				4C5D6E7F8A9B0C1D2E3F4A5B /* StorageService.swift */,
				5D6E7F8A9B0C1D2E3F4A5B6C /* Color+WubiZone.swift */,
			);
			path = Services;
			sourceTree = "<group>";
		};
		739CC9DF8D6A473897FA327D /* Frameworks */ = {
			isa = PBXGroup;
			children = (
			);
			name = Frameworks;
			sourceTree = "<group>";
		};
		E1F2A3B4C5D6E7F8A9B0C1D2 /* Extensions */ = {
			isa = PBXGroup;
			children = (
				2A3B4C5D6E7F8A9B0C1D2E3F /* WubiDictionary+PhraseCode.swift */,
			);
			path = Extensions;
			sourceTree = "<group>";
		};
		9D5E9D722F27425CB889A482 /* App */ = {
			isa = PBXGroup;
			children = (
				9F5446DA82684A57837D33BE /* WubiTypingTrainerApp.swift */,
			);
			path = App;
			sourceTree = "<group>";
		};
		ADD06BD90B2A48AA82F55025 /* Resources */ = {
			isa = PBXGroup;
			children = (
				321FAED9AD2145C9843AF587 /* AppIcon.icns */,
				BB9395E4B5E64C4D86F9F2DC /* wubi86_dict.txt */,
				B631D7E2300BC76E00D1AEED /* FrequentlyCharacters0-500.txt */,
				B631D7E4300BC76E00D1AEEF /* FrequentlyCharacters500-1000.txt */,
				B631D7E6300BC76E00D1AEF1 /* FrequentlyCharacters1000-15000.txt */,
				B631D80D300BD4DB00D1AEED /* wubi_words.txt */,
				DABC1ECA8B0D49D7B9347BDF /* 黑体字根.ttf */,
			);
			path = Resources;
			sourceTree = "<group>";
		};
		B631D7D8300BC76E00D1AEE3 /* WubiTypingTrainerTests */ = {
			isa = PBXGroup;
			children = (
				B631D7D9300BC76E00D1AEE4 /* MistakeTrackerTests.swift */,
				B631D7DA300BC76E00D1AEE5 /* TypingStatsTests.swift */,
				B631D7DB300BC76E00D1AEE6 /* WubiDictionaryTests.swift */,
				B631D7DC300BC76E00D1AEE7 /* WubiTypingTrainerTests.swift */,
			);
			path = WubiTypingTrainerTests;
			sourceTree = "<group>";
		};
		C157E21E99A74D21B012E628 /* WubiTypingTrainer */ = {
			isa = PBXGroup;
			children = (
				9D5E9D722F27425CB889A482 /* App */,
				1CE2C03A4BF742CAA7D89532 /* Models */,
				D85D3C26AF714A798802C1AB /* ViewModels */,
				021034E08C684A78AF085CF4 /* Views */,
				ADD06BD90B2A48AA82F55025 /* Resources */,
				3572E019AD704A39A68B9164 /* Info.plist */,
				5477250F58A912887FD3A8BC /* Services */,
				E1F2A3B4C5D6E7F8A9B0C1D2 /* Extensions */,
			);
			name = WubiTypingTrainer;
			sourceTree = "<group>";
		};
		D85D3C26AF714A798802C1AB /* ViewModels */ = {
			isa = PBXGroup;
			children = (
				310DEC32BD8248298EEFD2A9 /* PracticeViewModel.swift */,
				6E7F8A9B0C1D2E3F4A5B6C7D /* ArticleListViewModel.swift */,
			);
			path = ViewModels;
			sourceTree = "<group>";
		};
		E579255F06C44458AEB76C14 /* Products */ = {
			isa = PBXGroup;
			children = (
				9F8C3C9E15734E9C864A62E2 /* WubiTypingTrainer.app */,
				B631D7CF300BC76E00D1AEE2 /* WubiTypingTrainerTests.xctest */,
			);
			name = Products;
			sourceTree = "<group>";
		};
/* End PBXGroup section */

/* Begin PBXNativeTarget section */
		25F03A74E01B4F60983F569B /* WubiTypingTrainer */ = {
			isa = PBXNativeTarget;
			buildConfigurationList = FFA8EA3FF69C44339234494D /* Build configuration list for PBXNativeTarget "WubiTypingTrainer" */;
			buildPhases = (
				E8D28CEC4D5D4BFD92B7A060 /* Sources */,
				E42B732AD94E4B1FAF517505 /* Frameworks */,
				0B7D121B17284831841073E4 /* Resources */,
			);
			buildRules = (
			);
			dependencies = (
			);
			name = WubiTypingTrainer;
			productName = WubiTypingTrainer;
			productReference = 9F8C3C9E15734E9C864A62E2 /* WubiTypingTrainer.app */;
			productType = "com.apple.product-type.application";
		};
		B631D7CE300BC76E00D1AEE2 /* WubiTypingTrainerTests */ = {
			isa = PBXNativeTarget;
			buildConfigurationList = B631D7D7300BC76E00D1AEE2 /* Build configuration list for PBXNativeTarget "WubiTypingTrainerTests" */;
			buildPhases = (
				B631D7CB300BC76E00D1AEE2 /* Sources */,
				B631D7CC300BC76E00D1AEE2 /* Frameworks */,
				B631D7CD300BC76E00D1AEE2 /* Resources */,
			);
			buildRules = (
			);
			dependencies = (
				B631D7D4300BC76E00D1AEE2 /* PBXTargetDependency */,
			);
			name = WubiTypingTrainerTests;
			productName = WubiTypingTrainerTests;
			productReference = B631D7CF300BC76E00D1AEE2 /* WubiTypingTrainerTests.xctest */;
			productType = "com.apple.product-type.bundle.unit-test";
		};
/* End PBXNativeTarget section */

/* Begin PBXProject section */
		AE90E9C8A5DC450B8D065C25 /* Project object */ = {
			isa = PBXProject;
			attributes = {
				TargetAttributes = {
					B631D7CE300BC76E00D1AEE2 = {
						TestTargetID = 25F03A74E01B4F60983F569B;
					};
				};
			};
			buildConfigurationList = E3D8B4CA02894EADB01B1B96 /* Build configuration list for PBXProject "WubiTypingTrainer" */;
			compatibilityVersion = "Xcode 14.0";
			developmentRegion = "zh-Hans";
			hasScannedForEncodings = 0;
			knownRegions = (
				"zh-Hans",
				en,
				Base,
			);
			mainGroup = 4FD3226FE81843CD86675892;
			productRefGroup = E579255F06C44458AEB76C14 /* Products */;
			projectDirPath = "";
			projectRoot = "";
			targets = (
				25F03A74E01B4F60983F569B /* WubiTypingTrainer */,
				B631D7CE300BC76E00D1AEE2 /* WubiTypingTrainerTests */,
			);
		};
/* End PBXProject section */

/* Begin PBXResourcesBuildPhase section */
		0B7D121B17284831841073E4 /* Resources */ = {
			isa = PBXResourcesBuildPhase;
			buildActionMask = 2147483647;
			files = (
				84969B4598684698BF96E784 /* AppIcon.icns in Resources */,
				11F2B57080BA49B18AC0D31C /* wubi86_dict.txt in Resources */,
				B631D7E1300BC76E00D1AEEC /* FrequentlyCharacters0-500.txt in Resources */,
				B631D80C300BD4DB00D1AEEC /* wubi_words.txt in Resources */,
				B631D7E3300BC76E00D1AEEE /* FrequentlyCharacters500-1000.txt in Resources */,
				B631D7E5300BC76E00D1AEF0 /* FrequentlyCharacters1000-15000.txt in Resources */,
				A2C9A1F033714683A7C206C9 /* 黑体字根.ttf in Resources */,
			);
			runOnlyForDeploymentPostprocessing = 0;
		};
		B631D7CD300BC76E00D1AEE2 /* Resources */ = {
			isa = PBXResourcesBuildPhase;
			buildActionMask = 2147483647;
			files = (
			);
			runOnlyForDeploymentPostprocessing = 0;
		};
/* End PBXResourcesBuildPhase section */

/* Begin PBXSourcesBuildPhase section */
		B631D7CB300BC76E00D1AEE2 /* Sources */ = {
			isa = PBXSourcesBuildPhase;
			buildActionMask = 2147483647;
			files = (
				B631D7DD300BC76E00D1AEE8 /* MistakeTrackerTests.swift in Sources */,
				B631D7DE300BC76E00D1AEE9 /* TypingStatsTests.swift in Sources */,
				B631D7DF300BC76E00D1AEEA /* WubiDictionaryTests.swift in Sources */,
				B631D7E0300BC76E00D1AEEB /* WubiTypingTrainerTests.swift in Sources */,
			);
			runOnlyForDeploymentPostprocessing = 0;
		};
		E8D28CEC4D5D4BFD92B7A060 /* Sources */ = {
			isa = PBXSourcesBuildPhase;
			buildActionMask = 2147483647;
			files = (
				B222C513F33E42D1984ECE34 /* WubiTypingTrainerApp.swift in Sources */,
				1B6EA5C5D0C14D1896BF4F05 /* ArticleData.swift in Sources */,
				BF19BBBB6B3041BAA9293023 /* CumulativeStats.swift in Sources */,
				18C9FCEE76B340F58108CB88 /* KeyboardLayout.swift in Sources */,
				4BC33BA27DED415FBE7F6BFB /* MistakeTracker.swift in Sources */,
				6D23C01428CC4FCBAADB8880 /* PracticeSession.swift in Sources */,
				A6A64D1BC4474578B38DF0C5 /* RadicalFontManager.swift in Sources */,
				27244A0EAB2E4CC6B3548DE8 /* TypingStats.swift in Sources */,
				F391BB6A07674FC6A2543A65 /* WubiDictionary.swift in Sources */,
				67E7355215594FAD8C0AA905 /* PracticeViewModel.swift in Sources */,
				4BE147B7BCB142CD85DC0715 /* ArticleListView.swift in Sources */,
				AA8313C5F694462AB0F3112F /* ContentView.swift in Sources */,
				E3DA6FACDA8148E2BF53644C /* ShortCodeView.swift in Sources */,
				71E4AC673FB84BB0996EAE9A /* MistakeListView.swift in Sources */,
				6C2EF2A20DBF46B0B2ADCBB8 /* ModeSelectorView.swift in Sources */,
				E7CF11E790834FBD86D6731B /* PracticeView.swift in Sources */,
				9F59AC85671D4CFD98BD539D /* WubiRootKeyboardView.swift in Sources */,
				AB55274F41234A649200A3CE /* WubiRulesView.swift in Sources */,
				AAE7B9439BEC4E788E77EC22 /* TextViewer.swift in Sources */,
				DBA709F9B5A342CE862AC5E4 /* SettingsView.swift in Sources */,
				AA0CF3B51ED8496AA1A9EE3C /* ZhihuDailyService.swift in Sources */,
				D490CC3A8E2843CCB16F9872 /* ZhihuModels.swift in Sources */,
				6A7B8C9D0E1F2A3B4C5D6E7F /* ContentLoader.swift in Sources */,
				7A8B9C0D1E2F3A4B5C6D7E8F /* WubiDictionary+PhraseCode.swift in Sources */,
				8A9B0C1D2E3F4A5B6C7D8E9F /* TimerService.swift in Sources */,
				9A0B1C2D3E4F5A6B7C8D9E0F /* StorageService.swift in Sources */,
				A0B1C2D3E4F5A6B7C8D9E0F1 /* Color+WubiZone.swift in Sources */,
				B0C1D2E3F4A5B6C7D8E9F0A1 /* ArticleListViewModel.swift in Sources */,
			);
			runOnlyForDeploymentPostprocessing = 0;
		};
/* End PBXSourcesBuildPhase section */

/* Begin PBXTargetDependency section */
		B631D7D4300BC76E00D1AEE2 /* PBXTargetDependency */ = {
			isa = PBXTargetDependency;
			target = 25F03A74E01B4F60983F569B /* WubiTypingTrainer */;
			targetProxy = B631D7D3300BC76E00D1AEE2 /* PBXContainerItemProxy */;
		};
/* End PBXTargetDependency section */

/* Begin XCBuildConfiguration section */
		64E3EF39009B451DA642C0B4 /* Debug */ = {
			isa = XCBuildConfiguration;
			buildSettings = {
				ALWAYS_SEARCH_USER_PATHS = NO;
				CLANG_ANALYZER_NONNULL = YES;
				CLANG_CXX_LANGUAGE_STANDARD = "gnu++20";
				CLANG_ENABLE_MODULES = YES;
				CLANG_ENABLE_OBJC_ARC = YES;
				COPY_PHASE_STRIP = NO;
				DEBUG_INFORMATION_FORMAT = "dwarf-with-dsym";
				ENABLE_NS_ASSERTIONS = YES;
				ENABLE_STRICT_OBJC_MSGSEND = YES;
				GCC_C_LANGUAGE_STANDARD = gnu23;
				GCC_DYNAMIC_NO_PIC = NO;
				GCC_OPTIMIZATION_LEVEL = 0;
				GCC_PREPROCESSOR_DEFINITIONS = (
					"DEBUG=1",
					"$(inherited)",
				);
				GCC_SYMBOLS_PRIVATE_EXTERN = NO;
				MACOSX_DEPLOYMENT_TARGET = 14.0;
				MTL_ENABLE_DEBUG_INFO = YES;
				ONLY_ACTIVE_ARCH = YES;
				SDKROOT = macosx;
				SWIFT_ACTIVE_COMPILATION_CONDITIONS = DEBUG;
				SWIFT_OPTIMIZATION_LEVEL = "-Onone";
			};
			name = Debug;
		};
		B631D7D5300BC76E00D1AEE2 /* Debug */ = {
			isa = XCBuildConfiguration;
			buildSettings = {
				BUNDLE_LOADER = "$(TEST_HOST)";
				CODE_SIGN_STYLE = Automatic;
				CURRENT_PROJECT_VERSION = 1;
				DEBUG_INFORMATION_FORMAT = dwarf;
				ENABLE_TESTABILITY = YES;
				GCC_C_LANGUAGE_STANDARD = gnu17;
				GCC_NO_COMMON_BLOCKS = YES;
				GENERATE_INFOPLIST_FILE = YES;
				MACOSX_DEPLOYMENT_TARGET = 14.0;
				MARKETING_VERSION = 1.0;
				MTL_ENABLE_DEBUG_INFO = INCLUDE_SOURCE;
				MTL_FAST_MATH = YES;
				PRODUCT_BUNDLE_IDENTIFIER = com.zwei.WubiTypingTrainerTests;
				PRODUCT_NAME = "$(TARGET_NAME)";
				SWIFT_ACTIVE_COMPILATION_CONDITIONS = "DEBUG $(inherited)";
				SWIFT_VERSION = 5.0;
				TEST_HOST = "$(BUILT_PRODUCTS_DIR)/WubiTypingTrainer.app/$(BUNDLE_EXECUTABLE_FOLDER_PATH)/WubiTypingTrainer";
			};
			name = Debug;
		};
		B631D7D6300BC76E00D1AEE2 /* Release */ = {
			isa = XCBuildConfiguration;
			buildSettings = {
				BUNDLE_LOADER = "$(TEST_HOST)";
				CODE_SIGN_STYLE = Automatic;
				CURRENT_PROJECT_VERSION = 1;
				GCC_C_LANGUAGE_STANDARD = gnu17;
				GCC_NO_COMMON_BLOCKS = YES;
				GENERATE_INFOPLIST_FILE = YES;
				MACOSX_DEPLOYMENT_TARGET = 14.0;
				MARKETING_VERSION = 1.0;
				MTL_FAST_MATH = YES;
				PRODUCT_BUNDLE_IDENTIFIER = com.zwei.WubiTypingTrainerTests;
				PRODUCT_NAME = "$(TARGET_NAME)";
				SWIFT_VERSION = 5.0;
				TEST_HOST = "$(BUILT_PRODUCTS_DIR)/WubiTypingTrainer.app/$(BUNDLE_EXECUTABLE_FOLDER_PATH)/WubiTypingTrainer";
			};
			name = Release;
		};
		C07A71144A9F40A0BF9EFFC7 /* Release */ = {
			isa = XCBuildConfiguration;
			buildSettings = {
				CODE_SIGN_ENTITLEMENTS = WubiTypingTrainer.entitlements;
				CODE_SIGN_STYLE = Automatic;
				CURRENT_PROJECT_VERSION = 1;
				DEFINES_MODULE = YES;
				ENABLE_HARDENED_RUNTIME = YES;
				ENABLE_PREVIEWS = YES;
				INFOPLIST_FILE = Info.plist;
				MACOSX_DEPLOYMENT_TARGET = 14.0;
				PRODUCT_BUNDLE_IDENTIFIER = com.wubi.typingtrainer;
				PRODUCT_NAME = WubiTypingTrainer;
				SDKROOT = macosx;
				SWIFT_COMPILATION_MODE = wholemodule;
				SWIFT_EMIT_LOC_STRINGS = YES;
				SWIFT_OPTIMIZATION_LEVEL = "-O";
				SWIFT_VERSION = 5.0;
				TARGETED_DEVICE_FAMILY = 3;
			};
			name = Release;
		};
		E50A6B025D9648419926E57B /* Release */ = {
			isa = XCBuildConfiguration;
			buildSettings = {
				ALWAYS_SEARCH_USER_PATHS = NO;
				ARCHS = (
					arm64,
					x86_64,
				);
				CLANG_ANALYZER_NONNULL = YES;
				CLANG_CXX_LANGUAGE_STANDARD = "gnu++20";
				CLANG_ENABLE_MODULES = YES;
				CLANG_ENABLE_OBJC_ARC = YES;
				COPY_PHASE_STRIP = NO;
				DEBUG_INFORMATION_FORMAT = "dwarf-with-dsym";
				ENABLE_NS_ASSERTIONS = NO;
				ENABLE_STRICT_OBJC_MSGSEND = YES;
				GCC_C_LANGUAGE_STANDARD = gnu23;
				GCC_OPTIMIZATION_LEVEL = s;
				MACOSX_DEPLOYMENT_TARGET = 14.0;
				MTL_ENABLE_DEBUG_INFO = NO;
				SDKROOT = macosx;
				SWIFT_COMPILATION_MODE = wholemodule;
				SWIFT_OPTIMIZATION_LEVEL = "-O";
			};
			name = Release;
		};
		E5996D821E79438CBACCB46B /* Debug */ = {
			isa = XCBuildConfiguration;
			buildSettings = {
				CODE_SIGN_ENTITLEMENTS = WubiTypingTrainer.entitlements;
				CODE_SIGN_STYLE = Automatic;
				CURRENT_PROJECT_VERSION = 1;
				DEFINES_MODULE = YES;
				ENABLE_PREVIEWS = YES;
				ENABLE_TESTABILITY = YES;
				INFOPLIST_FILE = Info.plist;
				MACOSX_DEPLOYMENT_TARGET = 14.0;
				PRODUCT_BUNDLE_IDENTIFIER = com.wubi.typingtrainer;
				PRODUCT_NAME = WubiTypingTrainer;
				SDKROOT = macosx;
				SWIFT_ACTIVE_COMPILATION_CONDITIONS = DEBUG;
				SWIFT_EMIT_LOC_STRINGS = YES;
				SWIFT_OPTIMIZATION_LEVEL = "-Onone";
				SWIFT_VERSION = 5.0;
				TARGETED_DEVICE_FAMILY = 3;
			};
			name = Debug;
		};
/* End XCBuildConfiguration section */

/* Begin XCConfigurationList section */
		B631D7D7300BC76E00D1AEE2 /* Build configuration list for PBXNativeTarget "WubiTypingTrainerTests" */ = {
			isa = XCConfigurationList;
			buildConfigurations = (
				B631D7D5300BC76E00D1AEE2 /* Debug */,
				B631D7D6300BC76E00D1AEE2 /* Release */,
			);
			defaultConfigurationIsVisible = 0;
			defaultConfigurationName = Release;
		};
		E3D8B4CA02894EADB01B1B96 /* Build configuration list for PBXProject "WubiTypingTrainer" */ = {
			isa = XCConfigurationList;
			buildConfigurations = (
				64E3EF39009B451DA642C0B4 /* Debug */,
				E50A6B025D9648419926E57B /* Release */,
			);
			defaultConfigurationIsVisible = 0;
			defaultConfigurationName = Release;
		};
		FFA8EA3FF69C44339234494D /* Build configuration list for PBXNativeTarget "WubiTypingTrainer" */ = {
			isa = XCConfigurationList;
			buildConfigurations = (
				E5996D821E79438CBACCB46B /* Debug */,
				C07A71144A9F40A0BF9EFFC7 /* Release */,
			);
			defaultConfigurationIsVisible = 0;
			defaultConfigurationName = Release;
		};
/* End XCConfigurationList section */
	};
	rootObject = AE90E9C8A5DC450B8D065C25 /* Project object */;
}
